# THIS IS AN AUTOGENERATED FILE. DO NOT EDIT THIS FILE DIRECTLY.
# yarn lockfile v1


pako@^2.1.0:
  version "2.1.0"
  resolved "https://registry.yarnpkg.com/pako/-/pako-2.1.0.tgz#266cc37f98c7d883545d11335c00fbd4062c9a86"
  integrity sha512-w+eufiZ1WuJYgPXbV/PO3NCMEc3xqylkKHzp8bxp1uW4qaSNQUkwmLLEc3kKsfz8lpV1F8Ht3U1Cm+9Srog2ug==

zokrates-js@^1.1.9:
  version "1.1.9"
  resolved "https://registry.yarnpkg.com/zokrates-js/-/zokrates-js-1.1.9.tgz#b19de2f81b0acbeb4ace21ba4e8975a54d36daab"
  integrity sha512-Z5GyrSkV2SzeB/Im2jV6z4LokRAY+G4O8U81zdgjHpgm62p1XLEfiCjkAIrkHDLGij/EH/ETlHpZtoRYYoSp7g==
  dependencies:
    pako "^2.1.0"
